// !$*UTF8*$!
{
	archiveVersion = 1;
	classes = {
	};
	objectVersion = 56;
	objects = {

/* Begin PBXBuildFile section */
		A0335A032C184E8A005A32A6 /* AngActivtyPresentationView.swift in Sources */ = {isa = PBXBuildFile; fileRef = A0335A022C184E8A005A32A6 /* AngActivtyPresentationView.swift */; };
		A0335A052C1850A1005A32A6 /* AngActivityView.swift in Sources */ = {isa = PBXBuildFile; fileRef = A0335A042C1850A1005A32A6 /* AngActivityView.swift */; };
		A04557042C0627AB0023F08D /* QuizView.swift in Sources */ = {isa = PBXBuildFile; fileRef = A04557032C0627AB0023F08D /* QuizView.swift */; };
		A04557062C0627EA0023F08D /* HouseModel.swift in Sources */ = {isa = PBXBuildFile; fileRef = A04557052C0627EA0023F08D /* HouseModel.swift */; };
		A04557082C06286E0023F08D /* QuizModel.swift in Sources */ = {isa = PBXBuildFile; fileRef = A04557072C06286E0023F08D /* QuizModel.swift */; };
		A045570A2C0628BF0023F08D /* QuestionModel.swift in Sources */ = {isa = PBXBuildFile; fileRef = A04557092C0628BF0023F08D /* QuestionModel.swift */; };
		A0A932CF2BF79DC2008F76E5 /* SpectrumStoriesApp.swift in Sources */ = {isa = PBXBuildFile; fileRef = A0A932CE2BF79DC2008F76E5 /* SpectrumStoriesApp.swift */; };
		A0A932D32BF79DC3008F76E5 /* Assets.xcassets in Resources */ = {isa = PBXBuildFile; fileRef = A0A932D22BF79DC3008F76E5 /* Assets.xcassets */; };
		A0A932D62BF79DC3008F76E5 /* Preview Assets.xcassets in Resources */ = {isa = PBXBuildFile; fileRef = A0A932D52BF79DC3008F76E5 /* Preview Assets.xcassets */; };
		A0A932DF2BF7A0EF008F76E5 /* Coiny-Regular.ttf in Resources */ = {isa = PBXBuildFile; fileRef = A0A932DC2BF7A0EF008F76E5 /* Coiny-Regular.ttf */; };
		A0A932E02BF7A0EF008F76E5 /* OFL.txt in Resources */ = {isa = PBXBuildFile; fileRef = A0A932DD2BF7A0EF008F76E5 /* OFL.txt */; };
		A0CB63092C0DF09400D3ECB1 /* MapView.swift in Sources */ = {isa = PBXBuildFile; fileRef = A0CB63082C0DF09400D3ECB1 /* MapView.swift */; };
		A0FA464C2BFB963F00902DB0 /* HouseView.swift in Sources */ = {isa = PBXBuildFile; fileRef = A0FA464B2BFB963F00902DB0 /* HouseView.swift */; };
		E614B9572C0F518B00193F9E /* Data.swift in Sources */ = {isa = PBXBuildFile; fileRef = E614B9562C0F518B00193F9E /* Data.swift */; };
		E614B9592C0F53F500193F9E /* HouseDataModel.swift in Sources */ = {isa = PBXBuildFile; fileRef = E614B9582C0F53F500193F9E /* HouseDataModel.swift */; };
		E614B95C2C0F648900193F9E /* JoyActivityPresentationView.swift in Sources */ = {isa = PBXBuildFile; fileRef = E614B95B2C0F648900193F9E /* JoyActivityPresentationView.swift */; };
		E614B95E2C0F669600193F9E /* JoyActView.swift in Sources */ = {isa = PBXBuildFile; fileRef = E614B95D2C0F669600193F9E /* JoyActView.swift */; };
		E614B9602C0F671000193F9E /* FaceActModel.swift in Sources */ = {isa = PBXBuildFile; fileRef = E614B95F2C0F671000193F9E /* FaceActModel.swift */; };
		E614B9622C0F9BA500193F9E /* AnyHouse.swift in Sources */ = {isa = PBXBuildFile; fileRef = E614B9612C0F9BA500193F9E /* AnyHouse.swift */; };
		E614B9642C0FA72400193F9E /* ContentView.swift in Sources */ = {isa = PBXBuildFile; fileRef = E614B9632C0FA72400193F9E /* ContentView.swift */; };
		E64BD7382BFF7A7D00F0B271 /* AlertView.swift in Sources */ = {isa = PBXBuildFile; fileRef = E64BD7372BFF7A7D00F0B271 /* AlertView.swift */; };
		E64BD73A2BFF7E3200F0B271 /* AlertModel.swift in Sources */ = {isa = PBXBuildFile; fileRef = E64BD7392BFF7E3200F0B271 /* AlertModel.swift */; };
		E68DCB272C17247C002DB8B1 /* SadActPresentingView.swift in Sources */ = {isa = PBXBuildFile; fileRef = E68DCB262C17247C002DB8B1 /* SadActPresentingView.swift */; };
		E68DCB292C17280E002DB8B1 /* SadActView.swift in Sources */ = {isa = PBXBuildFile; fileRef = E68DCB282C17280E002DB8B1 /* SadActView.swift */; };
		E68DCB2B2C172939002DB8B1 /* PuzzleModel.swift in Sources */ = {isa = PBXBuildFile; fileRef = E68DCB2A2C172939002DB8B1 /* PuzzleModel.swift */; };
		E6B2B0E92BFA849500FDE381 /* Constants.swift in Sources */ = {isa = PBXBuildFile; fileRef = E6B2B0E82BFA849500FDE381 /* Constants.swift */; };
		E6B2B0EB2BFA887200FDE381 /* LogoView.swift in Sources */ = {isa = PBXBuildFile; fileRef = E6B2B0EA2BFA887200FDE381 /* LogoView.swift */; };
		E6B2B0ED2BFA889900FDE381 /* GenderView.swift in Sources */ = {isa = PBXBuildFile; fileRef = E6B2B0EC2BFA889900FDE381 /* GenderView.swift */; };
		E6E872902C14BCA100BFFFC2 /* TreDButton.swift in Sources */ = {isa = PBXBuildFile; fileRef = E6E8728F2C14BCA100BFFFC2 /* TreDButton.swift */; };
/* End PBXBuildFile section */

/* Begin PBXFileReference section */
		A0335A022C184E8A005A32A6 /* AngActivtyPresentationView.swift */ = {isa = PBXFileReference; lastKnownFileType = sourcecode.swift; path = AngActivtyPresentationView.swift; sourceTree = "<group>"; };
		A0335A042C1850A1005A32A6 /* AngActivityView.swift */ = {isa = PBXFileReference; lastKnownFileType = sourcecode.swift; path = AngActivityView.swift; sourceTree = "<group>"; };
		A04557032C0627AB0023F08D /* QuizView.swift */ = {isa = PBXFileReference; lastKnownFileType = sourcecode.swift; path = QuizView.swift; sourceTree = "<group>"; };
		A04557052C0627EA0023F08D /* HouseModel.swift */ = {isa = PBXFileReference; lastKnownFileType = sourcecode.swift; path = HouseModel.swift; sourceTree = "<group>"; };
		A04557072C06286E0023F08D /* QuizModel.swift */ = {isa = PBXFileReference; lastKnownFileType = sourcecode.swift; path = QuizModel.swift; sourceTree = "<group>"; };
		A04557092C0628BF0023F08D /* QuestionModel.swift */ = {isa = PBXFileReference; lastKnownFileType = sourcecode.swift; path = QuestionModel.swift; sourceTree = "<group>"; };
		A0A932CB2BF79DC2008F76E5 /* SpectrumStories.app */ = {isa = PBXFileReference; explicitFileType = wrapper.application; includeInIndex = 0; path = SpectrumStories.app; sourceTree = BUILT_PRODUCTS_DIR; };
		A0A932CE2BF79DC2008F76E5 /* SpectrumStoriesApp.swift */ = {isa = PBXFileReference; lastKnownFileType = sourcecode.swift; path = SpectrumStoriesApp.swift; sourceTree = "<group>"; };
		A0A932D22BF79DC3008F76E5 /* Assets.xcassets */ = {isa = PBXFileReference; lastKnownFileType = folder.assetcatalog; path = Assets.xcassets; sourceTree = "<group>"; };
		A0A932D52BF79DC3008F76E5 /* Preview Assets.xcassets */ = {isa = PBXFileReference; lastKnownFileType = folder.assetcatalog; path = "Preview Assets.xcassets"; sourceTree = "<group>"; };
		A0A932DC2BF7A0EF008F76E5 /* Coiny-Regular.ttf */ = {isa = PBXFileReference; lastKnownFileType = file; path = "Coiny-Regular.ttf"; sourceTree = "<group>"; };
		A0A932DD2BF7A0EF008F76E5 /* OFL.txt */ = {isa = PBXFileReference; fileEncoding = 4; lastKnownFileType = text; path = OFL.txt; sourceTree = "<group>"; };
		A0A932E12BF7A116008F76E5 /* Info.plist */ = {isa = PBXFileReference; lastKnownFileType = text.plist; path = Info.plist; sourceTree = "<group>"; };
		A0CB63082C0DF09400D3ECB1 /* MapView.swift */ = {isa = PBXFileReference; lastKnownFileType = sourcecode.swift; path = MapView.swift; sourceTree = "<group>"; };
		A0FA464B2BFB963F00902DB0 /* HouseView.swift */ = {isa = PBXFileReference; lastKnownFileType = sourcecode.swift; path = HouseView.swift; sourceTree = "<group>"; };
		E614B9562C0F518B00193F9E /* Data.swift */ = {isa = PBXFileReference; lastKnownFileType = sourcecode.swift; path = Data.swift; sourceTree = "<group>"; };
		E614B9582C0F53F500193F9E /* HouseDataModel.swift */ = {isa = PBXFileReference; lastKnownFileType = sourcecode.swift; path = HouseDataModel.swift; sourceTree = "<group>"; };
		E614B95B2C0F648900193F9E /* JoyActivityPresentationView.swift */ = {isa = PBXFileReference; lastKnownFileType = sourcecode.swift; path = JoyActivityPresentationView.swift; sourceTree = "<group>"; };
		E614B95D2C0F669600193F9E /* JoyActView.swift */ = {isa = PBXFileReference; lastKnownFileType = sourcecode.swift; path = JoyActView.swift; sourceTree = "<group>"; };
		E614B95F2C0F671000193F9E /* FaceActModel.swift */ = {isa = PBXFileReference; lastKnownFileType = sourcecode.swift; path = FaceActModel.swift; sourceTree = "<group>"; };
		E614B9612C0F9BA500193F9E /* AnyHouse.swift */ = {isa = PBXFileReference; lastKnownFileType = sourcecode.swift; path = AnyHouse.swift; sourceTree = "<group>"; };
		E614B9632C0FA72400193F9E /* ContentView.swift */ = {isa = PBXFileReference; lastKnownFileType = sourcecode.swift; path = ContentView.swift; sourceTree = "<group>"; };
		E64BD7372BFF7A7D00F0B271 /* AlertView.swift */ = {isa = PBXFileReference; lastKnownFileType = sourcecode.swift; path = AlertView.swift; sourceTree = "<group>"; };
		E64BD7392BFF7E3200F0B271 /* AlertModel.swift */ = {isa = PBXFileReference; lastKnownFileType = sourcecode.swift; path = AlertModel.swift; sourceTree = "<group>"; };
		E68DCB262C17247C002DB8B1 /* SadActPresentingView.swift */ = {isa = PBXFileReference; lastKnownFileType = sourcecode.swift; path = SadActPresentingView.swift; sourceTree = "<group>"; };
		E68DCB282C17280E002DB8B1 /* SadActView.swift */ = {isa = PBXFileReference; lastKnownFileType = sourcecode.swift; path = SadActView.swift; sourceTree = "<group>"; };
		E68DCB2A2C172939002DB8B1 /* PuzzleModel.swift */ = {isa = PBXFileReference; lastKnownFileType = sourcecode.swift; path = PuzzleModel.swift; sourceTree = "<group>"; };
		E6B2B0E82BFA849500FDE381 /* Constants.swift */ = {isa = PBXFileReference; lastKnownFileType = sourcecode.swift; path = Constants.swift; sourceTree = "<group>"; };
		E6B2B0EA2BFA887200FDE381 /* LogoView.swift */ = {isa = PBXFileReference; lastKnownFileType = sourcecode.swift; path = LogoView.swift; sourceTree = "<group>"; };
		E6B2B0EC2BFA889900FDE381 /* GenderView.swift */ = {isa = PBXFileReference; lastKnownFileType = sourcecode.swift; path = GenderView.swift; sourceTree = "<group>"; };
		E6E8728F2C14BCA100BFFFC2 /* TreDButton.swift */ = {isa = PBXFileReference; lastKnownFileType = sourcecode.swift; path = TreDButton.swift; sourceTree = "<group>"; };
/* End PBXFileReference section */

/* Begin PBXFrameworksBuildPhase section */
		A0A932C82BF79DC2008F76E5 /* Frameworks */ = {
			isa = PBXFrameworksBuildPhase;
			buildActionMask = 2147483647;
			files = (
			);
			runOnlyForDeploymentPostprocessing = 0;
		};
/* End PBXFrameworksBuildPhase section */

/* Begin PBXGroup section */
		A0335A012C184E79005A32A6 /* AngActivity */ = {
			isa = PBXGroup;
			children = (
				A0335A022C184E8A005A32A6 /* AngActivtyPresentationView.swift */,
				A0335A042C1850A1005A32A6 /* AngActivityView.swift */,
			);
			path = AngActivity;
			sourceTree = "<group>";
		};
		A0A932C22BF79DC1008F76E5 = {
			isa = PBXGroup;
			children = (
				A0A932CD2BF79DC2008F76E5 /* SpectrumStories */,
				A0A932CC2BF79DC2008F76E5 /* Products */,
			);
			sourceTree = "<group>";
		};
		A0A932CC2BF79DC2008F76E5 /* Products */ = {
			isa = PBXGroup;
			children = (
				A0A932CB2BF79DC2008F76E5 /* SpectrumStories.app */,
			);
			name = Products;
			sourceTree = "<group>";
		};
		A0A932CD2BF79DC2008F76E5 /* SpectrumStories */ = {
			isa = PBXGroup;
			children = (
				A0A932E12BF7A116008F76E5 /* Info.plist */,
				A0A932CE2BF79DC2008F76E5 /* SpectrumStoriesApp.swift */,
				A0CB63082C0DF09400D3ECB1 /* MapView.swift */,
				E614B9632C0FA72400193F9E /* ContentView.swift */,
				E6B2B0EA2BFA887200FDE381 /* LogoView.swift */,
				E6B2B0EC2BFA889900FDE381 /* GenderView.swift */,
				E6B2B0E82BFA849500FDE381 /* Constants.swift */,
				A0FA464B2BFB963F00902DB0 /* HouseView.swift */,
				A04557032C0627AB0023F08D /* QuizView.swift */,
				E64BD7372BFF7A7D00F0B271 /* AlertView.swift */,
				E6E8728F2C14BCA100BFFFC2 /* TreDButton.swift */,
				E614B95A2C0F646B00193F9E /* JoyActivity */,
				A0335A012C184E79005A32A6 /* AngActivity */,
				E68DCB252C1722FC002DB8B1 /* SadActivity */,
				E65520152C00D51900F1A2E1 /* Model */,
				A0A932D22BF79DC3008F76E5 /* Assets.xcassets */,
				A0A932DE2BF7A0EF008F76E5 /* Coiny */,
				A0A932D42BF79DC3008F76E5 /* Preview Content */,
			);
			path = SpectrumStories;
			sourceTree = "<group>";
		};
		A0A932D42BF79DC3008F76E5 /* Preview Content */ = {
			isa = PBXGroup;
			children = (
				A0A932D52BF79DC3008F76E5 /* Preview Assets.xcassets */,
			);
			path = "Preview Content";
			sourceTree = "<group>";
		};
		A0A932DE2BF7A0EF008F76E5 /* Coiny */ = {
			isa = PBXGroup;
			children = (
				A0A932DC2BF7A0EF008F76E5 /* Coiny-Regular.ttf */,
				A0A932DD2BF7A0EF008F76E5 /* OFL.txt */,
			);
			path = Coiny;
			sourceTree = "<group>";
		};
		E614B95A2C0F646B00193F9E /* JoyActivity */ = {
			isa = PBXGroup;
			children = (
				E614B95B2C0F648900193F9E /* JoyActivityPresentationView.swift */,
				E614B95D2C0F669600193F9E /* JoyActView.swift */,
			);
			path = JoyActivity;
			sourceTree = "<group>";
		};
		E65520152C00D51900F1A2E1 /* Model */ = {
			isa = PBXGroup;
			children = (
				E614B9582C0F53F500193F9E /* HouseDataModel.swift */,
				E614B9612C0F9BA500193F9E /* AnyHouse.swift */,
				A04557052C0627EA0023F08D /* HouseModel.swift */,
				A04557092C0628BF0023F08D /* QuestionModel.swift */,
				A04557072C06286E0023F08D /* QuizModel.swift */,
				E64BD7392BFF7E3200F0B271 /* AlertModel.swift */,
				E614B9562C0F518B00193F9E /* Data.swift */,
				E614B95F2C0F671000193F9E /* FaceActModel.swift */,
				E68DCB2A2C172939002DB8B1 /* PuzzleModel.swift */,
			);
			path = Model;
			sourceTree = "<group>";
		};
		E68DCB252C1722FC002DB8B1 /* SadActivity */ = {
			isa = PBXGroup;
			children = (
				E68DCB262C17247C002DB8B1 /* SadActPresentingView.swift */,
				E68DCB282C17280E002DB8B1 /* SadActView.swift */,
			);
			path = SadActivity;
			sourceTree = "<group>";
		};
/* End PBXGroup section */

/* Begin PBXNativeTarget section */
		A0A932CA2BF79DC2008F76E5 /* SpectrumStories */ = {
			isa = PBXNativeTarget;
			buildConfigurationList = A0A932D92BF79DC3008F76E5 /* Build configuration list for PBXNativeTarget "SpectrumStories" */;
			buildPhases = (
				A0A932C72BF79DC2008F76E5 /* Sources */,
				A0A932C82BF79DC2008F76E5 /* Frameworks */,
				A0A932C92BF79DC2008F76E5 /* Resources */,
			);
			buildRules = (
			);
			dependencies = (
			);
			name = SpectrumStories;
			packageProductDependencies = (
			);
			productName = SpectrumStories;
			productReference = A0A932CB2BF79DC2008F76E5 /* SpectrumStories.app */;
			productType = "com.apple.product-type.application";
		};
/* End PBXNativeTarget section */

/* Begin PBXProject section */
		A0A932C32BF79DC1008F76E5 /* Project object */ = {
			isa = PBXProject;
			attributes = {
				BuildIndependentTargetsInParallel = 1;
				LastSwiftUpdateCheck = 1540;
				LastUpgradeCheck = 1540;
				TargetAttributes = {
					A0A932CA2BF79DC2008F76E5 = {
						CreatedOnToolsVersion = 15.4;
					};
				};
			};
			buildConfigurationList = A0A932C62BF79DC1008F76E5 /* Build configuration list for PBXProject "SpectrumStories" */;
			compatibilityVersion = "Xcode 14.0";
			developmentRegion = en;
			hasScannedForEncodings = 0;
			knownRegions = (
				en,
				Base,
			);
			mainGroup = A0A932C22BF79DC1008F76E5;
			packageReferences = (
			);
			productRefGroup = A0A932CC2BF79DC2008F76E5 /* Products */;
			projectDirPath = "";
			projectRoot = "";
			targets = (
				A0A932CA2BF79DC2008F76E5 /* SpectrumStories */,
			);
		};
/* End PBXProject section */

/* Begin PBXResourcesBuildPhase section */
		A0A932C92BF79DC2008F76E5 /* Resources */ = {
			isa = PBXResourcesBuildPhase;
			buildActionMask = 2147483647;
			files = (
				A0A932DF2BF7A0EF008F76E5 /* Coiny-Regular.ttf in Resources */,
				A0A932D62BF79DC3008F76E5 /* Preview Assets.xcassets in Resources */,
				A0A932E02BF7A0EF008F76E5 /* OFL.txt in Resources */,
				A0A932D32BF79DC3008F76E5 /* Assets.xcassets in Resources */,
			);
			runOnlyForDeploymentPostprocessing = 0;
		};
/* End PBXResourcesBuildPhase section */

/* Begin PBXSourcesBuildPhase section */
		A0A932C72BF79DC2008F76E5 /* Sources */ = {
			isa = PBXSourcesBuildPhase;
			buildActionMask = 2147483647;
			files = (
				E6B2B0ED2BFA889900FDE381 /* GenderView.swift in Sources */,
				E614B95E2C0F669600193F9E /* JoyActView.swift in Sources */,
				A04557042C0627AB0023F08D /* QuizView.swift in Sources */,
				E64BD7382BFF7A7D00F0B271 /* AlertView.swift in Sources */,
				A0FA464C2BFB963F00902DB0 /* HouseView.swift in Sources */,
				E614B9642C0FA72400193F9E /* ContentView.swift in Sources */,
				E6B2B0EB2BFA887200FDE381 /* LogoView.swift in Sources */,
				E614B95C2C0F648900193F9E /* JoyActivityPresentationView.swift in Sources */,
				E68DCB2B2C172939002DB8B1 /* PuzzleModel.swift in Sources */,
				A0CB63092C0DF09400D3ECB1 /* MapView.swift in Sources */,
				A045570A2C0628BF0023F08D /* QuestionModel.swift in Sources */,
				E6E872902C14BCA100BFFFC2 /* TreDButton.swift in Sources */,
				A04557082C06286E0023F08D /* QuizModel.swift in Sources */,
				E68DCB272C17247C002DB8B1 /* SadActPresentingView.swift in Sources */,
				E614B9622C0F9BA500193F9E /* AnyHouse.swift in Sources */,
				A04557062C0627EA0023F08D /* HouseModel.swift in Sources */,
				A0335A032C184E8A005A32A6 /* AngActivtyPresentationView.swift in Sources */,
				E614B9572C0F518B00193F9E /* Data.swift in Sources */,
				E614B9602C0F671000193F9E /* FaceActModel.swift in Sources */,
				A0A932CF2BF79DC2008F76E5 /* SpectrumStoriesApp.swift in Sources */,
				E64BD73A2BFF7E3200F0B271 /* AlertModel.swift in Sources */,
				E614B9592C0F53F500193F9E /* HouseDataModel.swift in Sources */,
				E68DCB292C17280E002DB8B1 /* SadActView.swift in Sources */,
				E6B2B0E92BFA849500FDE381 /* Constants.swift in Sources */,
				A0335A052C1850A1005A32A6 /* AngActivityView.swift in Sources */,
			);
			runOnlyForDeploymentPostprocessing = 0;
		};
/* End PBXSourcesBuildPhase section */

/* Begin XCBuildConfiguration section */
		A0A932D72BF79DC3008F76E5 /* Debug */ = {
			isa = XCBuildConfiguration;
			buildSettings = {
				ALWAYS_SEARCH_USER_PATHS = NO;
				ASSETCATALOG_COMPILER_GENERATE_SWIFT_ASSET_SYMBOL_EXTENSIONS = YES;
				CLANG_ANALYZER_NONNULL = YES;
				CLANG_ANALYZER_NUMBER_OBJECT_CONVERSION = YES_AGGRESSIVE;
				CLANG_CXX_LANGUAGE_STANDARD = "gnu++20";
				CLANG_ENABLE_MODULES = YES;
				CLANG_ENABLE_OBJC_ARC = YES;
				CLANG_ENABLE_OBJC_WEAK = YES;
				CLANG_WARN_BLOCK_CAPTURE_AUTORELEASING = YES;
				CLANG_WARN_BOOL_CONVERSION = YES;
				CLANG_WARN_COMMA = YES;
				CLANG_WARN_CONSTANT_CONVERSION = YES;
				CLANG_WARN_DEPRECATED_OBJC_IMPLEMENTATIONS = YES;
				CLANG_WARN_DIRECT_OBJC_ISA_USAGE = YES_ERROR;
				CLANG_WARN_DOCUMENTATION_COMMENTS = YES;
				CLANG_WARN_EMPTY_BODY = YES;
				CLANG_WARN_ENUM_CONVERSION = YES;
				CLANG_WARN_INFINITE_RECURSION = YES;
				CLANG_WARN_INT_CONVERSION = YES;
				CLANG_WARN_NON_LITERAL_NULL_CONVERSION = YES;
				CLANG_WARN_OBJC_IMPLICIT_RETAIN_SELF = YES;
				CLANG_WARN_OBJC_LITERAL_CONVERSION = YES;
				CLANG_WARN_OBJC_ROOT_CLASS = YES_ERROR;
				CLANG_WARN_QUOTED_INCLUDE_IN_FRAMEWORK_HEADER = YES;
				CLANG_WARN_RANGE_LOOP_ANALYSIS = YES;
				CLANG_WARN_STRICT_PROTOTYPES = YES;
				CLANG_WARN_SUSPICIOUS_MOVE = YES;
				CLANG_WARN_UNGUARDED_AVAILABILITY = YES_AGGRESSIVE;
				CLANG_WARN_UNREACHABLE_CODE = YES;
				CLANG_WARN__DUPLICATE_METHOD_MATCH = YES;
				COPY_PHASE_STRIP = NO;
				DEBUG_INFORMATION_FORMAT = dwarf;
				ENABLE_STRICT_OBJC_MSGSEND = YES;
				ENABLE_TESTABILITY = YES;
				ENABLE_USER_SCRIPT_SANDBOXING = YES;
				GCC_C_LANGUAGE_STANDARD = gnu17;
				GCC_DYNAMIC_NO_PIC = NO;
				GCC_NO_COMMON_BLOCKS = YES;
				GCC_OPTIMIZATION_LEVEL = 0;
				GCC_PREPROCESSOR_DEFINITIONS = (
					"DEBUG=1",
					"$(inherited)",
				);
				GCC_WARN_64_TO_32_BIT_CONVERSION = YES;
				GCC_WARN_ABOUT_RETURN_TYPE = YES_ERROR;
				GCC_WARN_UNDECLARED_SELECTOR = YES;
				GCC_WARN_UNINITIALIZED_AUTOS = YES_AGGRESSIVE;
				GCC_WARN_UNUSED_FUNCTION = YES;
				GCC_WARN_UNUSED_VARIABLE = YES;
				IPHONEOS_DEPLOYMENT_TARGET = 17.5;
				LOCALIZATION_PREFERS_STRING_CATALOGS = YES;
				MTL_ENABLE_DEBUG_INFO = INCLUDE_SOURCE;
				MTL_FAST_MATH = YES;
				ONLY_ACTIVE_ARCH = YES;
				SDKROOT = iphoneos;
				SWIFT_ACTIVE_COMPILATION_CONDITIONS = "DEBUG $(inherited)";
				SWIFT_OPTIMIZATION_LEVEL = "-Onone";
			};
			name = Debug;
		};
		A0A932D82BF79DC3008F76E5 /* Release */ = {
			isa = XCBuildConfiguration;
			buildSettings = {
				ALWAYS_SEARCH_USER_PATHS = NO;
				ASSETCATALOG_COMPILER_GENERATE_SWIFT_ASSET_SYMBOL_EXTENSIONS = YES;
				CLANG_ANALYZER_NONNULL = YES;
				CLANG_ANALYZER_NUMBER_OBJECT_CONVERSION = YES_AGGRESSIVE;
				CLANG_CXX_LANGUAGE_STANDARD = "gnu++20";
				CLANG_ENABLE_MODULES = YES;
				CLANG_ENABLE_OBJC_ARC = YES;
				CLANG_ENABLE_OBJC_WEAK = YES;
				CLANG_WARN_BLOCK_CAPTURE_AUTORELEASING = YES;
				CLANG_WARN_BOOL_CONVERSION = YES;
				CLANG_WARN_COMMA = YES;
				CLANG_WARN_CONSTANT_CONVERSION = YES;
				CLANG_WARN_DEPRECATED_OBJC_IMPLEMENTATIONS = YES;
				CLANG_WARN_DIRECT_OBJC_ISA_USAGE = YES_ERROR;
				CLANG_WARN_DOCUMENTATION_COMMENTS = YES;
				CLANG_WARN_EMPTY_BODY = YES;
				CLANG_WARN_ENUM_CONVERSION = YES;
				CLANG_WARN_INFINITE_RECURSION = YES;
				CLANG_WARN_INT_CONVERSION = YES;
				CLANG_WARN_NON_LITERAL_NULL_CONVERSION = YES;
				CLANG_WARN_OBJC_IMPLICIT_RETAIN_SELF = YES;
				CLANG_WARN_OBJC_LITERAL_CONVERSION = YES;
				CLANG_WARN_OBJC_ROOT_CLASS = YES_ERROR;
				CLANG_WARN_QUOTED_INCLUDE_IN_FRAMEWORK_HEADER = YES;
				CLANG_WARN_RANGE_LOOP_ANALYSIS = YES;
				CLANG_WARN_STRICT_PROTOTYPES = YES;
				CLANG_WARN_SUSPICIOUS_MOVE = YES;
				CLANG_WARN_UNGUARDED_AVAILABILITY = YES_AGGRESSIVE;
				CLANG_WARN_UNREACHABLE_CODE = YES;
				CLANG_WARN__DUPLICATE_METHOD_MATCH = YES;
				COPY_PHASE_STRIP = NO;
				DEBUG_INFORMATION_FORMAT = "dwarf-with-dsym";
				ENABLE_NS_ASSERTIONS = NO;
				ENABLE_STRICT_OBJC_MSGSEND = YES;
				ENABLE_USER_SCRIPT_SANDBOXING = YES;
				GCC_C_LANGUAGE_STANDARD = gnu17;
				GCC_NO_COMMON_BLOCKS = YES;
				GCC_WARN_64_TO_32_BIT_CONVERSION = YES;
				GCC_WARN_ABOUT_RETURN_TYPE = YES_ERROR;
				GCC_WARN_UNDECLARED_SELECTOR = YES;
				GCC_WARN_UNINITIALIZED_AUTOS = YES_AGGRESSIVE;
				GCC_WARN_UNUSED_FUNCTION = YES;
				GCC_WARN_UNUSED_VARIABLE = YES;
				IPHONEOS_DEPLOYMENT_TARGET = 17.5;
				LOCALIZATION_PREFERS_STRING_CATALOGS = YES;
				MTL_ENABLE_DEBUG_INFO = NO;
				MTL_FAST_MATH = YES;
				SDKROOT = iphoneos;
				SWIFT_COMPILATION_MODE = wholemodule;
				VALIDATE_PRODUCT = YES;
			};
			name = Release;
		};
		A0A932DA2BF79DC3008F76E5 /* Debug */ = {
			isa = XCBuildConfiguration;
			buildSettings = {
				ASSETCATALOG_COMPILER_APPICON_NAME = AppIcon;
				ASSETCATALOG_COMPILER_GLOBAL_ACCENT_COLOR_NAME = AccentColor;
				CODE_SIGN_STYLE = Automatic;
				CURRENT_PROJECT_VERSION = 1;
				DEVELOPMENT_ASSET_PATHS = "\"SpectrumStories/Preview Content\"";
				DEVELOPMENT_TEAM = UURX55DST6;
				ENABLE_PREVIEWS = YES;
				GENERATE_INFOPLIST_FILE = YES;
				INFOPLIST_FILE = SpectrumStories/Info.plist;
				INFOPLIST_KEY_CFBundleDisplayName = "IL VILLAGGIO DELLE EMOZIONI";
				INFOPLIST_KEY_UIApplicationSceneManifest_Generation = YES;
				INFOPLIST_KEY_UIApplicationSupportsIndirectInputEvents = YES;
				INFOPLIST_KEY_UILaunchScreen_Generation = YES;
				INFOPLIST_KEY_UIRequiresFullScreen = YES;
				INFOPLIST_KEY_UISupportedInterfaceOrientations_iPad = "UIInterfaceOrientationLandscapeLeft UIInterfaceOrientationLandscapeRight";
				LD_RUNPATH_SEARCH_PATHS = (
					"$(inherited)",
					"@executable_path/Frameworks",
				);
				MARKETING_VERSION = 1.0;
				PRODUCT_BUNDLE_IDENTIFIER = com.BlueHorizon.SpectrumStories;
				PRODUCT_NAME = "$(TARGET_NAME)";
				SUPPORTED_PLATFORMS = "iphoneos iphonesimulator";
				SUPPORTS_MACCATALYST = NO;
				SUPPORTS_XR_DESIGNED_FOR_IPHONE_IPAD = NO;
				SWIFT_EMIT_LOC_STRINGS = YES;
				SWIFT_VERSION = 5.0;
				TARGETED_DEVICE_FAMILY = 2;
			};
			name = Debug;
		};
		A0A932DB2BF79DC3008F76E5 /* Release */ = {
			isa = XCBuildConfiguration;
			buildSettings = {
				ASSETCATALOG_COMPILER_APPICON_NAME = AppIcon;
				ASSETCATALOG_COMPILER_GLOBAL_ACCENT_COLOR_NAME = AccentColor;
				CODE_SIGN_STYLE = Automatic;
				CURRENT_PROJECT_VERSION = 1;
				DEVELOPMENT_ASSET_PATHS = "\"SpectrumStories/Preview Content\"";
				DEVELOPMENT_TEAM = UURX55DST6;
				ENABLE_PREVIEWS = YES;
				GENERATE_INFOPLIST_FILE = YES;
				INFOPLIST_FILE = SpectrumStories/Info.plist;
				INFOPLIST_KEY_CFBundleDisplayName = "IL VILLAGGIO DELLE EMOZIONI";
				INFOPLIST_KEY_UIApplicationSceneManifest_Generation = YES;
				INFOPLIST_KEY_UIApplicationSupportsIndirectInputEvents = YES;
				INFOPLIST_KEY_UILaunchScreen_Generation = YES;
				INFOPLIST_KEY_UIRequiresFullScreen = YES;
				INFOPLIST_KEY_UISupportedInterfaceOrientations_iPad = "UIInterfaceOrientationLandscapeLeft UIInterfaceOrientationLandscapeRight";
				LD_RUNPATH_SEARCH_PATHS = (
					"$(inherited)",
					"@executable_path/Frameworks",
				);
				MARKETING_VERSION = 1.0;
				PRODUCT_BUNDLE_IDENTIFIER = com.BlueHorizon.SpectrumStories;
				PRODUCT_NAME = "$(TARGET_NAME)";
				SUPPORTED_PLATFORMS = "iphoneos iphonesimulator";
				SUPPORTS_MACCATALYST = NO;
				SUPPORTS_XR_DESIGNED_FOR_IPHONE_IPAD = NO;
				SWIFT_EMIT_LOC_STRINGS = YES;
				SWIFT_VERSION = 5.0;
				TARGETED_DEVICE_FAMILY = 2;
			};
			name = Release;
		};
/* End XCBuildConfiguration section */

/* Begin XCConfigurationList section */
		A0A932C62BF79DC1008F76E5 /* Build configuration list for PBXProject "SpectrumStories" */ = {
			isa = XCConfigurationList;
			buildConfigurations = (
				A0A932D72BF79DC3008F76E5 /* Debug */,
				A0A932D82BF79DC3008F76E5 /* Release */,
			);
			defaultConfigurationIsVisible = 0;
			defaultConfigurationName = Release;
		};
		A0A932D92BF79DC3008F76E5 /* Build configuration list for PBXNativeTarget "SpectrumStories" */ = {
			isa = XCConfigurationList;
			buildConfigurations = (
				A0A932DA2BF79DC3008F76E5 /* Debug */,
				A0A932DB2BF79DC3008F76E5 /* Release */,
			);
			defaultConfigurationIsVisible = 0;
			defaultConfigurationName = Release;
		};
/* End XCConfigurationList section */
	};
	rootObject = A0A932C32BF79DC1008F76E5 /* Project object */;
}
